
Microsoft Visual Studio Solution File, Format Version 12.00
# Visual Studio Version 17
VisualStudioVersion = 17.0.32014.148
MinimumVisualStudioVersion = 10.0.40219.1
Project("{FAE04EC0-301F-11D3-BF4B-00C04F79EFBC}") = "VS2019-DarkWithLightEditor", "VS2019-DarkWithLightEditor\VS2019-DarkWithLightEditor.csproj", "{FFF191CF-2A2C-4D16-9B81-CDE24F8B65FE}"
EndProject
Project("{FAE04EC0-301F-11D3-BF4B-00C04F79EFBC}") = "VS2019-Green", "VS2019-Green\VS2019-Green.csproj", "{57F5CB05-F98E-45F0-9EFD-378EE1898C73}"
EndProject
Project("{FAE04EC0-301F-11D3-BF4B-00C04F79EFBC}") = "VS2019-LightWithDarkEditor", "VS2019-LightWithDarkEditor\VS2019-LightWithDarkEditor.csproj", "{C7C10E57-74E2-4E2E-94D0-6BA882FC82E7}"
EndProject
Project("{FAE04EC0-301F-11D3-BF4B-00C04F79EFBC}") = "VS2019-Purple", "VS2019-Purple\VS2019-Purple.csproj", "{EB2183CE-07C9-45A1-A5B9-3FD1F5487460}"
EndProject
Project("{FAE04EC0-301F-11D3-BF4B-00C04F79EFBC}") = "VS2019-Red", "VS2019-Red\VS2019-Red.csproj", "{89AC21F4-607E-480E-B97A-C87E8FB74B85}"
EndProject
Project("{FAE04EC0-301F-11D3-BF4B-00C04F79EFBC}") = "VS2019-SolarizedDark", "VS2019-SolarizedDark\VS2019-SolarizedDark.csproj", "{1C1C9329-A074-43C4-907C-AF455FC92A81}"
EndProject
Project("{FAE04EC0-301F-11D3-BF4B-00C04F79EFBC}") = "VS2019-SolarizedLight", "VS2019-SolarizedLight\VS2019-SolarizedLight.csproj", "{68A3F14B-841D-46A6-A0C4-4636F15795D9}"
EndProject
Project("{FAE04EC0-301F-11D3-BF4B-00C04F79EFBC}") = "VS2019-Tan", "VS2019-Tan\VS2019-Tan.csproj", "{EB055877-36BF-4AB4-942A-2280734DF5B9}"
EndProject
Global
	GlobalSection(SolutionConfigurationPlatforms) = preSolution
		Release|Any CPU = Release|Any CPU
	EndGlobalSection
	GlobalSection(ProjectConfigurationPlatforms) = postSolution
		{FFF191CF-2A2C-4D16-9B81-CDE24F8B65FE}.Release|Any CPU.ActiveCfg = Release|Any CPU
		{FFF191CF-2A2C-4D16-9B81-CDE24F8B65FE}.Release|Any CPU.Build.0 = Release|Any CPU
		{57F5CB05-F98E-45F0-9EFD-378EE1898C73}.Release|Any CPU.ActiveCfg = Release|Any CPU
		{57F5CB05-F98E-45F0-9EFD-378EE1898C73}.Release|Any CPU.Build.0 = Release|Any CPU
		{C7C10E57-74E2-4E2E-94D0-6BA882FC82E7}.Release|Any CPU.ActiveCfg = Release|Any CPU
		{C7C10E57-74E2-4E2E-94D0-6BA882FC82E7}.Release|Any CPU.Build.0 = Release|Any CPU
		{EB2183CE-07C9-45A1-A5B9-3FD1F5487460}.Release|Any CPU.ActiveCfg = Release|Any CPU
		{EB2183CE-07C9-45A1-A5B9-3FD1F5487460}.Release|Any CPU.Build.0 = Release|Any CPU
		{89AC21F4-607E-480E-B97A-C87E8FB74B85}.Release|Any CPU.ActiveCfg = Release|Any CPU
		{89AC21F4-607E-480E-B97A-C87E8FB74B85}.Release|Any CPU.Build.0 = Release|Any CPU
		{1C1C9329-A074-43C4-907C-AF455FC92A81}.Release|Any CPU.ActiveCfg = Release|Any CPU
		{1C1C9329-A074-43C4-907C-AF455FC92A81}.Release|Any CPU.Build.0 = Release|Any CPU
		{68A3F14B-841D-46A6-A0C4-4636F15795D9}.Release|Any CPU.ActiveCfg = Release|Any CPU
		{68A3F14B-841D-46A6-A0C4-4636F15795D9}.Release|Any CPU.Build.0 = Release|Any CPU
		{EB055877-36BF-4AB4-942A-2280734DF5B9}.Release|Any CPU.ActiveCfg = Release|Any CPU
		{EB055877-36BF-4AB4-942A-2280734DF5B9}.Release|Any CPU.Build.0 = Release|Any CPU
	EndGlobalSection
	GlobalSection(SolutionProperties) = preSolution
		HideSolutionNode = FALSE
	EndGlobalSection
	GlobalSection(ExtensibilityGlobals) = postSolution
		SolutionGuid = {73462064-D378-438E-B33D-CCB1C91022B2}
	EndGlobalSection
EndGlobal
